
Microsoft Visual Studio Solution File, Format Version 12.00
# Visual Studio Version 17
VisualStudioVersion = 17.6.33829.357
MinimumVisualStudioVersion = 10.0.40219.1
Project("{FAE04EC0-301F-11D3-BF4B-00C04F79EFBC}") = "ImageProduct", "ImageProduct\ImageProduct.csproj", "{76261842-A032-4AFA-B690-77FAD4D0DA98}"
EndProject
Global
	GlobalSection(SolutionConfigurationPlatforms) = preSolution
		Debug|Any CPU = Debug|Any CPU
		Release|Any CPU = Release|Any CPU
	EndGlobalSection
	GlobalSection(ProjectConfigurationPlatforms) = postSolution
		{76261842-A032-4AFA-B690-77FAD4D0DA98}.Debug|Any CPU.ActiveCfg = Debug|Any CPU
		{76261842-A032-4AFA-B690-77FAD4D0DA98}.Debug|Any CPU.Build.0 = Debug|Any CPU
		{76261842-A032-4AFA-B690-77FAD4D0DA98}.Release|Any CPU.ActiveCfg = Release|Any CPU
		{76261842-A032-4AFA-B690-77FAD4D0DA98}.Release|Any CPU.Build.0 = Release|Any CPU
	EndGlobalSection
	GlobalSection(SolutionProperties) = preSolution
		HideSolutionNode = FALSE
	EndGlobalSection
	GlobalSection(ExtensibilityGlobals) = postSolution
		SolutionGuid = {4971F2EF-D428-4FD3-9F3D-08D1CC131E51}
	EndGlobalSection
EndGlobal
